
Microsoft Visual Studio Solution File, Format Version 12.00
# Visual Studio 15
VisualStudioVersion = 15.0.28010.2003
MinimumVisualStudioVersion = 10.0.40219.1
Project("{9A19103F-16F7-4668-BE54-9A1E7A4F7556}") = "WeText.Common", "WeText.Common\WeText.Common.csproj", "{777EFE92-6108-4FD8-A217-07E46292C1C2}"
EndProject
Project("{9A19103F-16F7-4668-BE54-9A1E7A4F7556}") = "WeText.Services.Accounts", "WeText.Services.Accounts\WeText.Services.Accounts.csproj", "{0BA76930-41F7-4C72-9978-0ECEAC6F3AAB}"
EndProject
Project("{9A19103F-16F7-4668-BE54-9A1E7A4F7556}") = "WeText.CrudProviders.MongoDB", "WeText.CrudProviders.MongoDB\WeText.CrudProviders.MongoDB.csproj", "{1E1A70C2-2CD4-4B01-B80F-A057CDBB107C}"
EndProject
Project("{2150E333-8FDC-42A3-9474-1A3956D46DE8}") = "Solution Items", "Solution Items", "{492879EF-0597-4C22-B94F-910765B98004}"
	ProjectSection(SolutionItems) = preProject
		docker-compose.yml = docker-compose.yml
	EndProjectSection
EndProject
Global
	GlobalSection(SolutionConfigurationPlatforms) = preSolution
		Debug|Any CPU = Debug|Any CPU
		Release|Any CPU = Release|Any CPU
	EndGlobalSection
	GlobalSection(ProjectConfigurationPlatforms) = postSolution
		{777EFE92-6108-4FD8-A217-07E46292C1C2}.Debug|Any CPU.ActiveCfg = Debug|Any CPU
		{777EFE92-6108-4FD8-A217-07E46292C1C2}.Debug|Any CPU.Build.0 = Debug|Any CPU
		{777EFE92-6108-4FD8-A217-07E46292C1C2}.Release|Any CPU.ActiveCfg = Release|Any CPU
		{777EFE92-6108-4FD8-A217-07E46292C1C2}.Release|Any CPU.Build.0 = Release|Any CPU
		{0BA76930-41F7-4C72-9978-0ECEAC6F3AAB}.Debug|Any CPU.ActiveCfg = Debug|Any CPU
		{0BA76930-41F7-4C72-9978-0ECEAC6F3AAB}.Debug|Any CPU.Build.0 = Debug|Any CPU
		{0BA76930-41F7-4C72-9978-0ECEAC6F3AAB}.Release|Any CPU.ActiveCfg = Release|Any CPU
		{0BA76930-41F7-4C72-9978-0ECEAC6F3AAB}.Release|Any CPU.Build.0 = Release|Any CPU
		{1E1A70C2-2CD4-4B01-B80F-A057CDBB107C}.Debug|Any CPU.ActiveCfg = Debug|Any CPU
		{1E1A70C2-2CD4-4B01-B80F-A057CDBB107C}.Debug|Any CPU.Build.0 = Debug|Any CPU
		{1E1A70C2-2CD4-4B01-B80F-A057CDBB107C}.Release|Any CPU.ActiveCfg = Release|Any CPU
		{1E1A70C2-2CD4-4B01-B80F-A057CDBB107C}.Release|Any CPU.Build.0 = Release|Any CPU
	EndGlobalSection
	GlobalSection(SolutionProperties) = preSolution
		HideSolutionNode = FALSE
	EndGlobalSection
	GlobalSection(ExtensibilityGlobals) = postSolution
		SolutionGuid = {16570D49-D9A8-44D2-BAD3-EB9C96FF40A6}
	EndGlobalSection
EndGlobal
