
Microsoft Visual Studio Solution File, Format Version 12.00
# Visual Studio 15
VisualStudioVersion = 15.0.28010.2003
MinimumVisualStudioVersion = 10.0.40219.1
Project("{FAE04EC0-301F-11D3-BF4B-00C04F79EFBC}") = "WeText.Common", "WeText.Common\WeText.Common.csproj", "{777EFE92-6108-4FD8-A217-07E46292C1C2}"
EndProject
Project("{FAE04EC0-301F-11D3-BF4B-00C04F79EFBC}") = "WeText.Services.Accounts", "WeText.Services.Accounts\WeText.Services.Accounts.csproj", "{0BA76930-41F7-4C72-9978-0ECEAC6F3AAB}"
EndProject
Project("{FAE04EC0-301F-11D3-BF4B-00C04F79EFBC}") = "WeText.CrudProviders.MongoDB", "WeText.CrudProviders.MongoDB\WeText.CrudProviders.MongoDB.csproj", "{1E1A70C2-2CD4-4B01-B80F-A057CDBB107C}"
EndProject
Global
	GlobalSection(SolutionConfigurationPlatforms) = preSolution
		Debug|Any CPU = Debug|Any CPU
		Release|Any CPU = Release|Any CPU
	EndGlobalSection
	GlobalSection(ProjectConfigurationPlatforms) = postSolution
		{777EFE92-6108-4FD8-A217-07E46292C1C2}.Debug|Any CPU.ActiveCfg = Debug|Any CPU
		{777EFE92-6108-4FD8-A217-07E46292C1C2}.Debug|Any CPU.Build.0 = Debug|Any CPU
		{777EFE92-6108-4FD8-A217-07E46292C1C2}.Release|Any CPU.ActiveCfg = Release|Any CPU
		{777EFE92-6108-4FD8-A217-07E46292C1C2}.Release|Any CPU.Build.0 = Release|Any CPU
		{0BA76930-41F7-4C72-9978-0ECEAC6F3AAB}.Debug|Any CPU.ActiveCfg = Debug|Any CPU
		{0BA76930-41F7-4C72-9978-0ECEAC6F3AAB}.Debug|Any CPU.Build.0 = Debug|Any CPU
		{0BA76930-41F7-4C72-9978-0ECEAC6F3AAB}.Release|Any CPU.ActiveCfg = Release|Any CPU
		{0BA76930-41F7-4C72-9978-0ECEAC6F3AAB}.Release|Any CPU.Build.0 = Release|Any CPU
		{1E1A70C2-2CD4-4B01-B80F-A057CDBB107C}.Debug|Any CPU.ActiveCfg = Debug|Any CPU
		{1E1A70C2-2CD4-4B01-B80F-A057CDBB107C}.Debug|Any CPU.Build.0 = Debug|Any CPU
		{1E1A70C2-2CD4-4B01-B80F-A057CDBB107C}.Release|Any CPU.ActiveCfg = Release|Any CPU
		{1E1A70C2-2CD4-4B01-B80F-A057CDBB107C}.Release|Any CPU.Build.0 = Release|Any CPU
	EndGlobalSection
	GlobalSection(SolutionProperties) = preSolution
		HideSolutionNode = FALSE
	EndGlobalSection
	GlobalSection(ExtensibilityGlobals) = postSolution
		SolutionGuid = {16570D49-D9A8-44D2-BAD3-EB9C96FF40A6}
	EndGlobalSection
EndGlobal
